
Microsoft Visual Studio Solution File, Format Version 12.00
# Visual Studio Version 17
VisualStudioVersion = 17.5.002.0
MinimumVisualStudioVersion = 10.0.40219.1
Project("{9A19103F-16F7-4668-BE54-9A1E7A4F7556}") = "api", "api\api.csproj", "{FA1CBEA5-E4E0-4B6E-8403-12F6AFEB0BCB}"
EndProject
Global
	GlobalSection(SolutionConfigurationPlatforms) = preSolution
		Debug|Any CPU = Debug|Any CPU
		Release|Any CPU = Release|Any CPU
	EndGlobalSection
	GlobalSection(ProjectConfigurationPlatforms) = postSolution
		{FA1CBEA5-E4E0-4B6E-8403-12F6AFEB0BCB}.Debug|Any CPU.ActiveCfg = Debug|Any CPU
		{FA1CBEA5-E4E0-4B6E-8403-12F6AFEB0BCB}.Debug|Any CPU.Build.0 = Debug|Any CPU
		{FA1CBEA5-E4E0-4B6E-8403-12F6AFEB0BCB}.Release|Any CPU.ActiveCfg = Release|Any CPU
		{FA1CBEA5-E4E0-4B6E-8403-12F6AFEB0BCB}.Release|Any CPU.Build.0 = Release|Any CPU
	EndGlobalSection
	GlobalSection(SolutionProperties) = preSolution
		HideSolutionNode = FALSE
	EndGlobalSection
	GlobalSection(ExtensibilityGlobals) = postSolution
		SolutionGuid = {40D94919-453D-4E36-B338-B5C722AE0948}
	EndGlobalSection
EndGlobal
